
Microsoft Visual Studio Solution File, Format Version 12.00
# Visual Studio Version 17
VisualStudioVersion = 17.2.32616.157
MinimumVisualStudioVersion = 10.0.40219.1
Project("{FAE04EC0-301F-11D3-BF4B-00C04F79EFBC}") = "RentACar", "RentACar.csproj", "{B3CA29A9-8433-4B6D-B29A-F4AB4EAFEA33}"
EndProject
Global
	GlobalSection(SolutionConfigurationPlatforms) = preSolution
		Debug|Any CPU = Debug|Any CPU
		Release|Any CPU = Release|Any CPU
	EndGlobalSection
	GlobalSection(ProjectConfigurationPlatforms) = postSolution
		{B3CA29A9-8433-4B6D-B29A-F4AB4EAFEA33}.Debug|Any CPU.ActiveCfg = Debug|Any CPU
		{B3CA29A9-8433-4B6D-B29A-F4AB4EAFEA33}.Debug|Any CPU.Build.0 = Debug|Any CPU
		{B3CA29A9-8433-4B6D-B29A-F4AB4EAFEA33}.Release|Any CPU.ActiveCfg = Release|Any CPU
		{B3CA29A9-8433-4B6D-B29A-F4AB4EAFEA33}.Release|Any CPU.Build.0 = Release|Any CPU
	EndGlobalSection
	GlobalSection(SolutionProperties) = preSolution
		HideSolutionNode = FALSE
	EndGlobalSection
	GlobalSection(ExtensibilityGlobals) = postSolution
		SolutionGuid = {DCCB6D58-D125-48DA-903D-A85CB42E61BB}
	EndGlobalSection
EndGlobal
